
Microsoft Visual Studio Solution File, Format Version 12.00
# Visual Studio Version 16
VisualStudioVersion = 16.0.30517.126
MinimumVisualStudioVersion = 10.0.40219.1
Project("{FAE04EC0-301F-11D3-BF4B-00C04F79EFBC}") = "HelloWorld", "HelloWorld\HelloWorld.csproj", "{5E781D3A-181B-450A-9EC2-FAA43A93C8EF}"
EndProject
Global
	GlobalSection(SolutionConfigurationPlatforms) = preSolution
		Debug|Any CPU = Debug|Any CPU
		Release|Any CPU = Release|Any CPU
	EndGlobalSection
	GlobalSection(ProjectConfigurationPlatforms) = postSolution
		{5E781D3A-181B-450A-9EC2-FAA43A93C8EF}.Debug|Any CPU.ActiveCfg = Debug|Any CPU
		{5E781D3A-181B-450A-9EC2-FAA43A93C8EF}.Debug|Any CPU.Build.0 = Debug|Any CPU
		{5E781D3A-181B-450A-9EC2-FAA43A93C8EF}.Release|Any CPU.ActiveCfg = Release|Any CPU
		{5E781D3A-181B-450A-9EC2-FAA43A93C8EF}.Release|Any CPU.Build.0 = Release|Any CPU
	EndGlobalSection
	GlobalSection(SolutionProperties) = preSolution
		HideSolutionNode = FALSE
	EndGlobalSection
	GlobalSection(ExtensibilityGlobals) = postSolution
		SolutionGuid = {A82C7C2E-B0F5-49C0-985F-21F7EA55098A}
	EndGlobalSection
EndGlobal
